// !$*UTF8*$!
{
	archiveVersion = 1;
	classes = {
	};
	objectVersion = 50;
	objects = {

/* Begin PBXBuildFile section */
		2B528F1624259D8600D8A30D /* BookClient.swift in Sources */ = {isa = PBXBuildFile; fileRef = 2B528F1524259D8600D8A30D /* BookClient.swift */; };
		2B528F1824295A0400D8A30D /* BookModel.swift in Sources */ = {isa = PBXBuildFile; fileRef = 2B528F1724295A0400D8A30D /* BookModel.swift */; };
		2B528F20242AB17D00D8A30D /* PriceModel.swift in Sources */ = {isa = PBXBuildFile; fileRef = 2B528F1F242AB17D00D8A30D /* PriceModel.swift */; };
		2B528F22242AD89C00D8A30D /* PriceTableViewCell.swift in Sources */ = {isa = PBXBuildFile; fileRef = 2B528F21242AD89C00D8A30D /* PriceTableViewCell.swift */; };
		2B528F24242BF5E900D8A30D /* NewListingViewController.swift in Sources */ = {isa = PBXBuildFile; fileRef = 2B528F23242BF5E900D8A30D /* NewListingViewController.swift */; };
		2B528F2B242BFA0400D8A30D /* NewListingTableViewCell.swift in Sources */ = {isa = PBXBuildFile; fileRef = 2B528F2A242BFA0400D8A30D /* NewListingTableViewCell.swift */; };
		2B6D1DD32414A4270006DEA8 /* AppDelegate.swift in Sources */ = {isa = PBXBuildFile; fileRef = 2B6D1DD22414A4270006DEA8 /* AppDelegate.swift */; };
		2B6D1DD52414A4270006DEA8 /* SceneDelegate.swift in Sources */ = {isa = PBXBuildFile; fileRef = 2B6D1DD42414A4270006DEA8 /* SceneDelegate.swift */; };
		2B6D1DD72414A4270006DEA8 /* ViewController.swift in Sources */ = {isa = PBXBuildFile; fileRef = 2B6D1DD62414A4270006DEA8 /* ViewController.swift */; };
		2B6D1DDA2414A4270006DEA8 /* Main.storyboard in Resources */ = {isa = PBXBuildFile; fileRef = 2B6D1DD82414A4270006DEA8 /* Main.storyboard */; };
		2B6D1DDC2414A4290006DEA8 /* Assets.xcassets in Resources */ = {isa = PBXBuildFile; fileRef = 2B6D1DDB2414A4290006DEA8 /* Assets.xcassets */; };
		2B6D1DDF2414A4290006DEA8 /* LaunchScreen.storyboard in Resources */ = {isa = PBXBuildFile; fileRef = 2B6D1DDD2414A4290006DEA8 /* LaunchScreen.storyboard */; };
		2B6D1DE72414A51F0006DEA8 /* ScannerViewController.swift in Sources */ = {isa = PBXBuildFile; fileRef = 2B6D1DE62414A51F0006DEA8 /* ScannerViewController.swift */; };
		2B6D1DE92414B1430006DEA8 /* DetailViewController.swift in Sources */ = {isa = PBXBuildFile; fileRef = 2B6D1DE82414B1430006DEA8 /* DetailViewController.swift */; };
/* End PBXBuildFile section */

/* Begin PBXFileReference section */
		2B528F1524259D8600D8A30D /* BookClient.swift */ = {isa = PBXFileReference; lastKnownFileType = sourcecode.swift; path = BookClient.swift; sourceTree = "<group>"; };
		2B528F1724295A0400D8A30D /* BookModel.swift */ = {isa = PBXFileReference; lastKnownFileType = sourcecode.swift; path = BookModel.swift; sourceTree = "<group>"; };
		2B528F1F242AB17D00D8A30D /* PriceModel.swift */ = {isa = PBXFileReference; lastKnownFileType = sourcecode.swift; path = PriceModel.swift; sourceTree = "<group>"; };
		2B528F21242AD89C00D8A30D /* PriceTableViewCell.swift */ = {isa = PBXFileReference; lastKnownFileType = sourcecode.swift; path = PriceTableViewCell.swift; sourceTree = "<group>"; };
		2B528F23242BF5E900D8A30D /* NewListingViewController.swift */ = {isa = PBXFileReference; lastKnownFileType = sourcecode.swift; path = NewListingViewController.swift; sourceTree = "<group>"; };
		2B528F2A242BFA0400D8A30D /* NewListingTableViewCell.swift */ = {isa = PBXFileReference; lastKnownFileType = sourcecode.swift; path = NewListingTableViewCell.swift; sourceTree = "<group>"; };
		2B6D1DCF2414A4270006DEA8 /* BookCompare.app */ = {isa = PBXFileReference; explicitFileType = wrapper.application; includeInIndex = 0; path = BookCompare.app; sourceTree = BUILT_PRODUCTS_DIR; };
		2B6D1DD22414A4270006DEA8 /* AppDelegate.swift */ = {isa = PBXFileReference; lastKnownFileType = sourcecode.swift; path = AppDelegate.swift; sourceTree = "<group>"; };
		2B6D1DD42414A4270006DEA8 /* SceneDelegate.swift */ = {isa = PBXFileReference; lastKnownFileType = sourcecode.swift; path = SceneDelegate.swift; sourceTree = "<group>"; };
		2B6D1DD62414A4270006DEA8 /* ViewController.swift */ = {isa = PBXFileReference; lastKnownFileType = sourcecode.swift; path = ViewController.swift; sourceTree = "<group>"; };
		2B6D1DD92414A4270006DEA8 /* Base */ = {isa = PBXFileReference; lastKnownFileType = file.storyboard; name = Base; path = Base.lproj/Main.storyboard; sourceTree = "<group>"; };
		2B6D1DDB2414A4290006DEA8 /* Assets.xcassets */ = {isa = PBXFileReference; lastKnownFileType = folder.assetcatalog; path = Assets.xcassets; sourceTree = "<group>"; };
		2B6D1DDE2414A4290006DEA8 /* Base */ = {isa = PBXFileReference; lastKnownFileType = file.storyboard; name = Base; path = Base.lproj/LaunchScreen.storyboard; sourceTree = "<group>"; };
		2B6D1DE02414A4290006DEA8 /* Info.plist */ = {isa = PBXFileReference; lastKnownFileType = text.plist.xml; path = Info.plist; sourceTree = "<group>"; };
		2B6D1DE62414A51F0006DEA8 /* ScannerViewController.swift */ = {isa = PBXFileReference; lastKnownFileType = sourcecode.swift; path = ScannerViewController.swift; sourceTree = "<group>"; };
		2B6D1DE82414B1430006DEA8 /* DetailViewController.swift */ = {isa = PBXFileReference; lastKnownFileType = sourcecode.swift; path = DetailViewController.swift; sourceTree = "<group>"; };
/* End PBXFileReference section */

/* Begin PBXFrameworksBuildPhase section */
		2B6D1DCC2414A4270006DEA8 /* Frameworks */ = {
			isa = PBXFrameworksBuildPhase;
			buildActionMask = 2147483647;
			files = (
			);
			runOnlyForDeploymentPostprocessing = 0;
		};
/* End PBXFrameworksBuildPhase section */

/* Begin PBXGroup section */
		2B528F25242BF60000D8A30D /* Model */ = {
			isa = PBXGroup;
			children = (
				2B528F1524259D8600D8A30D /* BookClient.swift */,
				2B528F1724295A0400D8A30D /* BookModel.swift */,
				2B528F1F242AB17D00D8A30D /* PriceModel.swift */,
			);
			path = Model;
			sourceTree = "<group>";
		};
		2B528F26242BF63400D8A30D /* BookDetail */ = {
			isa = PBXGroup;
			children = (
				2B6D1DE82414B1430006DEA8 /* DetailViewController.swift */,
				2B528F21242AD89C00D8A30D /* PriceTableViewCell.swift */,
			);
			path = BookDetail;
			sourceTree = "<group>";
		};
		2B528F27242BF65E00D8A30D /* NewListingForm */ = {
			isa = PBXGroup;
			children = (
				2B528F23242BF5E900D8A30D /* NewListingViewController.swift */,
				2B528F2A242BFA0400D8A30D /* NewListingTableViewCell.swift */,
			);
			path = NewListingForm;
			sourceTree = "<group>";
		};
		2B6D1DC62414A4270006DEA8 = {
			isa = PBXGroup;
			children = (
				2B6D1DD12414A4270006DEA8 /* BookCompare */,
				2B6D1DD02414A4270006DEA8 /* Products */,
			);
			sourceTree = "<group>";
		};
		2B6D1DD02414A4270006DEA8 /* Products */ = {
			isa = PBXGroup;
			children = (
				2B6D1DCF2414A4270006DEA8 /* BookCompare.app */,
			);
			name = Products;
			sourceTree = "<group>";
		};
		2B6D1DD12414A4270006DEA8 /* BookCompare */ = {
			isa = PBXGroup;
			children = (
				2B6D1DD22414A4270006DEA8 /* AppDelegate.swift */,
				2B6D1DD42414A4270006DEA8 /* SceneDelegate.swift */,
				2B6D1DD62414A4270006DEA8 /* ViewController.swift */,
				2B6D1DE62414A51F0006DEA8 /* ScannerViewController.swift */,
				2B528F26242BF63400D8A30D /* BookDetail */,
				2B528F27242BF65E00D8A30D /* NewListingForm */,
				2B528F25242BF60000D8A30D /* Model */,
				2B6D1DD82414A4270006DEA8 /* Main.storyboard */,
				2B6D1DDB2414A4290006DEA8 /* Assets.xcassets */,
				2B6D1DDD2414A4290006DEA8 /* LaunchScreen.storyboard */,
				2B6D1DE02414A4290006DEA8 /* Info.plist */,
			);
			path = BookCompare;
			sourceTree = "<group>";
		};
/* End PBXGroup section */

/* Begin PBXNativeTarget section */
		2B6D1DCE2414A4270006DEA8 /* BookCompare */ = {
			isa = PBXNativeTarget;
			buildConfigurationList = 2B6D1DE32414A4290006DEA8 /* Build configuration list for PBXNativeTarget "BookCompare" */;
			buildPhases = (
				2B6D1DCB2414A4270006DEA8 /* Sources */,
				2B6D1DCC2414A4270006DEA8 /* Frameworks */,
				2B6D1DCD2414A4270006DEA8 /* Resources */,
			);
			buildRules = (
			);
			dependencies = (
			);
			name = BookCompare;
			productName = BookCompare;
			productReference = 2B6D1DCF2414A4270006DEA8 /* BookCompare.app */;
			productType = "com.apple.product-type.application";
		};
/* End PBXNativeTarget section */

/* Begin PBXProject section */
		2B6D1DC72414A4270006DEA8 /* Project object */ = {
			isa = PBXProject;
			attributes = {
				LastSwiftUpdateCheck = 1130;
				LastUpgradeCheck = 1130;
				ORGANIZATIONNAME = "Daniel Steinberg";
				TargetAttributes = {
					2B6D1DCE2414A4270006DEA8 = {
						CreatedOnToolsVersion = 11.3.1;
					};
				};
			};
			buildConfigurationList = 2B6D1DCA2414A4270006DEA8 /* Build configuration list for PBXProject "BookCompare" */;
			compatibilityVersion = "Xcode 9.3";
			developmentRegion = en;
			hasScannedForEncodings = 0;
			knownRegions = (
				en,
				Base,
			);
			mainGroup = 2B6D1DC62414A4270006DEA8;
			productRefGroup = 2B6D1DD02414A4270006DEA8 /* Products */;
			projectDirPath = "";
			projectRoot = "";
			targets = (
				2B6D1DCE2414A4270006DEA8 /* BookCompare */,
			);
		};
/* End PBXProject section */

/* Begin PBXResourcesBuildPhase section */
		2B6D1DCD2414A4270006DEA8 /* Resources */ = {
			isa = PBXResourcesBuildPhase;
			buildActionMask = 2147483647;
			files = (
				2B6D1DDF2414A4290006DEA8 /* LaunchScreen.storyboard in Resources */,
				2B6D1DDC2414A4290006DEA8 /* Assets.xcassets in Resources */,
				2B6D1DDA2414A4270006DEA8 /* Main.storyboard in Resources */,
			);
			runOnlyForDeploymentPostprocessing = 0;
		};
/* End PBXResourcesBuildPhase section */

/* Begin PBXSourcesBuildPhase section */
		2B6D1DCB2414A4270006DEA8 /* Sources */ = {
			isa = PBXSourcesBuildPhase;
			buildActionMask = 2147483647;
			files = (
				2B6D1DD72414A4270006DEA8 /* ViewController.swift in Sources */,
				2B528F1624259D8600D8A30D /* BookClient.swift in Sources */,
				2B528F20242AB17D00D8A30D /* PriceModel.swift in Sources */,
				2B528F22242AD89C00D8A30D /* PriceTableViewCell.swift in Sources */,
				2B6D1DD32414A4270006DEA8 /* AppDelegate.swift in Sources */,
				2B528F24242BF5E900D8A30D /* NewListingViewController.swift in Sources */,
				2B6D1DE92414B1430006DEA8 /* DetailViewController.swift in Sources */,
				2B6D1DD52414A4270006DEA8 /* SceneDelegate.swift in Sources */,
				2B6D1DE72414A51F0006DEA8 /* ScannerViewController.swift in Sources */,
				2B528F2B242BFA0400D8A30D /* NewListingTableViewCell.swift in Sources */,
				2B528F1824295A0400D8A30D /* BookModel.swift in Sources */,
			);
			runOnlyForDeploymentPostprocessing = 0;
		};
/* End PBXSourcesBuildPhase section */

/* Begin PBXVariantGroup section */
		2B6D1DD82414A4270006DEA8 /* Main.storyboard */ = {
			isa = PBXVariantGroup;
			children = (
				2B6D1DD92414A4270006DEA8 /* Base */,
			);
			name = Main.storyboard;
			sourceTree = "<group>";
		};
		2B6D1DDD2414A4290006DEA8 /* LaunchScreen.storyboard */ = {
			isa = PBXVariantGroup;
			children = (
				2B6D1DDE2414A4290006DEA8 /* Base */,
			);
			name = LaunchScreen.storyboard;
			sourceTree = "<group>";
		};
/* End PBXVariantGroup section */

/* Begin XCBuildConfiguration section */
		2B6D1DE12414A4290006DEA8 /* Debug */ = {
			isa = XCBuildConfiguration;
			buildSettings = {
				ALWAYS_SEARCH_USER_PATHS = NO;
				CLANG_ANALYZER_NONNULL = YES;
				CLANG_ANALYZER_NUMBER_OBJECT_CONVERSION = YES_AGGRESSIVE;
				CLANG_CXX_LANGUAGE_STANDARD = "gnu++14";
				CLANG_CXX_LIBRARY = "libc++";
				CLANG_ENABLE_MODULES = YES;
				CLANG_ENABLE_OBJC_ARC = YES;
				CLANG_ENABLE_OBJC_WEAK = YES;
				CLANG_WARN_BLOCK_CAPTURE_AUTORELEASING = YES;
				CLANG_WARN_BOOL_CONVERSION = YES;
				CLANG_WARN_COMMA = YES;
				CLANG_WARN_CONSTANT_CONVERSION = YES;
				CLANG_WARN_DEPRECATED_OBJC_IMPLEMENTATIONS = YES;
				CLANG_WARN_DIRECT_OBJC_ISA_USAGE = YES_ERROR;
				CLANG_WARN_DOCUMENTATION_COMMENTS = YES;
				CLANG_WARN_EMPTY_BODY = YES;
				CLANG_WARN_ENUM_CONVERSION = YES;
				CLANG_WARN_INFINITE_RECURSION = YES;
				CLANG_WARN_INT_CONVERSION = YES;
				CLANG_WARN_NON_LITERAL_NULL_CONVERSION = YES;
				CLANG_WARN_OBJC_IMPLICIT_RETAIN_SELF = YES;
				CLANG_WARN_OBJC_LITERAL_CONVERSION = YES;
				CLANG_WARN_OBJC_ROOT_CLASS = YES_ERROR;
				CLANG_WARN_RANGE_LOOP_ANALYSIS = YES;
				CLANG_WARN_STRICT_PROTOTYPES = YES;
				CLANG_WARN_SUSPICIOUS_MOVE = YES;
				CLANG_WARN_UNGUARDED_AVAILABILITY = YES_AGGRESSIVE;
				CLANG_WARN_UNREACHABLE_CODE = YES;
				CLANG_WARN__DUPLICATE_METHOD_MATCH = YES;
				COPY_PHASE_STRIP = NO;
				DEBUG_INFORMATION_FORMAT = dwarf;
				ENABLE_STRICT_OBJC_MSGSEND = YES;
				ENABLE_TESTABILITY = YES;
				GCC_C_LANGUAGE_STANDARD = gnu11;
				GCC_DYNAMIC_NO_PIC = NO;
				GCC_NO_COMMON_BLOCKS = YES;
				GCC_OPTIMIZATION_LEVEL = 0;
				GCC_PREPROCESSOR_DEFINITIONS = (
					"DEBUG=1",
					"$(inherited)",
				);
				GCC_WARN_64_TO_32_BIT_CONVERSION = YES;
				GCC_WARN_ABOUT_RETURN_TYPE = YES_ERROR;
				GCC_WARN_UNDECLARED_SELECTOR = YES;
				GCC_WARN_UNINITIALIZED_AUTOS = YES_AGGRESSIVE;
				GCC_WARN_UNUSED_FUNCTION = YES;
				GCC_WARN_UNUSED_VARIABLE = YES;
				IPHONEOS_DEPLOYMENT_TARGET = 13.2;
				MTL_ENABLE_DEBUG_INFO = INCLUDE_SOURCE;
				MTL_FAST_MATH = YES;
				ONLY_ACTIVE_ARCH = YES;
				SDKROOT = iphoneos;
				SWIFT_ACTIVE_COMPILATION_CONDITIONS = DEBUG;
				SWIFT_OPTIMIZATION_LEVEL = "-Onone";
			};
			name = Debug;
		};
		2B6D1DE22414A4290006DEA8 /* Release */ = {
			isa = XCBuildConfiguration;
			buildSettings = {
				ALWAYS_SEARCH_USER_PATHS = NO;
				CLANG_ANALYZER_NONNULL = YES;
				CLANG_ANALYZER_NUMBER_OBJECT_CONVERSION = YES_AGGRESSIVE;
				CLANG_CXX_LANGUAGE_STANDARD = "gnu++14";
				CLANG_CXX_LIBRARY = "libc++";
				CLANG_ENABLE_MODULES = YES;
				CLANG_ENABLE_OBJC_ARC = YES;
				CLANG_ENABLE_OBJC_WEAK = YES;
				CLANG_WARN_BLOCK_CAPTURE_AUTORELEASING = YES;
				CLANG_WARN_BOOL_CONVERSION = YES;
				CLANG_WARN_COMMA = YES;
				CLANG_WARN_CONSTANT_CONVERSION = YES;
				CLANG_WARN_DEPRECATED_OBJC_IMPLEMENTATIONS = YES;
				CLANG_WARN_DIRECT_OBJC_ISA_USAGE = YES_ERROR;
				CLANG_WARN_DOCUMENTATION_COMMENTS = YES;
				CLANG_WARN_EMPTY_BODY = YES;
				CLANG_WARN_ENUM_CONVERSION = YES;
				CLANG_WARN_INFINITE_RECURSION = YES;
				CLANG_WARN_INT_CONVERSION = YES;
				CLANG_WARN_NON_LITERAL_NULL_CONVERSION = YES;
				CLANG_WARN_OBJC_IMPLICIT_RETAIN_SELF = YES;
				CLANG_WARN_OBJC_LITERAL_CONVERSION = YES;
				CLANG_WARN_OBJC_ROOT_CLASS = YES_ERROR;
				CLANG_WARN_RANGE_LOOP_ANALYSIS = YES;
				CLANG_WARN_STRICT_PROTOTYPES = YES;
				CLANG_WARN_SUSPICIOUS_MOVE = YES;
				CLANG_WARN_UNGUARDED_AVAILABILITY = YES_AGGRESSIVE;
				CLANG_WARN_UNREACHABLE_CODE = YES;
				CLANG_WARN__DUPLICATE_METHOD_MATCH = YES;
				COPY_PHASE_STRIP = NO;
				DEBUG_INFORMATION_FORMAT = "dwarf-with-dsym";
				ENABLE_NS_ASSERTIONS = NO;
				ENABLE_STRICT_OBJC_MSGSEND = YES;
				GCC_C_LANGUAGE_STANDARD = gnu11;
				GCC_NO_COMMON_BLOCKS = YES;
				GCC_WARN_64_TO_32_BIT_CONVERSION = YES;
				GCC_WARN_ABOUT_RETURN_TYPE = YES_ERROR;
				GCC_WARN_UNDECLARED_SELECTOR = YES;
				GCC_WARN_UNINITIALIZED_AUTOS = YES_AGGRESSIVE;
				GCC_WARN_UNUSED_FUNCTION = YES;
				GCC_WARN_UNUSED_VARIABLE = YES;
				IPHONEOS_DEPLOYMENT_TARGET = 13.2;
				MTL_ENABLE_DEBUG_INFO = NO;
				MTL_FAST_MATH = YES;
				SDKROOT = iphoneos;
				SWIFT_COMPILATION_MODE = wholemodule;
				SWIFT_OPTIMIZATION_LEVEL = "-O";
				VALIDATE_PRODUCT = YES;
			};
			name = Release;
		};
		2B6D1DE42414A4290006DEA8 /* Debug */ = {
			isa = XCBuildConfiguration;
			buildSettings = {
				ASSETCATALOG_COMPILER_APPICON_NAME = AppIcon;
				CODE_SIGN_STYLE = Automatic;
				DEVELOPMENT_TEAM = 6LMPL5563P;
				INFOPLIST_FILE = BookCompare/Info.plist;
				LD_RUNPATH_SEARCH_PATHS = (
					"$(inherited)",
					"@executable_path/Frameworks",
				);
				PRODUCT_BUNDLE_IDENTIFIER = com.Steinbeard.BookCompare;
				PRODUCT_NAME = "$(TARGET_NAME)";
				SWIFT_VERSION = 5.0;
				TARGETED_DEVICE_FAMILY = 1;
			};
			name = Debug;
		};
		2B6D1DE52414A4290006DEA8 /* Release */ = {
			isa = XCBuildConfiguration;
			buildSettings = {
				ASSETCATALOG_COMPILER_APPICON_NAME = AppIcon;
				CODE_SIGN_STYLE = Automatic;
				DEVELOPMENT_TEAM = 6LMPL5563P;
				INFOPLIST_FILE = BookCompare/Info.plist;
				LD_RUNPATH_SEARCH_PATHS = (
					"$(inherited)",
					"@executable_path/Frameworks",
				);
				PRODUCT_BUNDLE_IDENTIFIER = com.Steinbeard.BookCompare;
				PRODUCT_NAME = "$(TARGET_NAME)";
				SWIFT_VERSION = 5.0;
				TARGETED_DEVICE_FAMILY = 1;
			};
			name = Release;
		};
/* End XCBuildConfiguration section */

/* Begin XCConfigurationList section */
		2B6D1DCA2414A4270006DEA8 /* Build configuration list for PBXProject "BookCompare" */ = {
			isa = XCConfigurationList;
			buildConfigurations = (
				2B6D1DE12414A4290006DEA8 /* Debug */,
				2B6D1DE22414A4290006DEA8 /* Release */,
			);
			defaultConfigurationIsVisible = 0;
			defaultConfigurationName = Release;
		};
		2B6D1DE32414A4290006DEA8 /* Build configuration list for PBXNativeTarget "BookCompare" */ = {
			isa = XCConfigurationList;
			buildConfigurations = (
				2B6D1DE42414A4290006DEA8 /* Debug */,
				2B6D1DE52414A4290006DEA8 /* Release */,
			);
			defaultConfigurationIsVisible = 0;
			defaultConfigurationName = Release;
		};
/* End XCConfigurationList section */
	};
	rootObject = 2B6D1DC72414A4270006DEA8 /* Project object */;
}
